
Microsoft Visual Studio Solution File, Format Version 12.00
# Visual Studio 15
VisualStudioVersion = 15.0.27703.2035
MinimumVisualStudioVersion = 10.0.40219.1
Project("{2150E333-8FDC-42A3-9474-1A3956D46DE8}") = "Business", "Business", "{85E4A4BC-B329-4C41-827D-5F82FEDAE112}"
EndProject
Project("{2150E333-8FDC-42A3-9474-1A3956D46DE8}") = "Data", "Data", "{7CEF8CE0-4D7A-43B6-A981-37181E4048DA}"
EndProject
Project("{2150E333-8FDC-42A3-9474-1A3956D46DE8}") = "Shared", "Shared", "{FAACD025-C7F3-48E4-8252-9C270E674756}"
EndProject
Project("{2150E333-8FDC-42A3-9474-1A3956D46DE8}") = "Web", "Web", "{55A35FE9-B115-4F47-B5F9-3D815A58B145}"
EndProject
Project("{FAE04EC0-301F-11D3-BF4B-00C04F79EFBC}") = "Cart.Business", "Cart.Business\Cart.Business.csproj", "{9F29F8C8-5A28-4AD0-BA32-2B5BB5A52683}"
EndProject
Project("{FAE04EC0-301F-11D3-BF4B-00C04F79EFBC}") = "Cart.Data", "Cart.Data\Cart.Data.csproj", "{4FD8EF00-E0CE-41F6-A26B-AFB5AD258C01}"
EndProject
Project("{00D1A9C2-B5F0-4AF3-8072-F6C62B433612}") = "Cart.Database", "Cart.Database\Cart.Database.sqlproj", "{6C69D477-9DB6-4290-A461-E6332065BB2F}"
EndProject
Project("{FAE04EC0-301F-11D3-BF4B-00C04F79EFBC}") = "Cart.Common", "Cart.Common\Cart.Common.csproj", "{10DFED60-1A91-4A86-9BE4-69A870AA7AB7}"
EndProject
Project("{FAE04EC0-301F-11D3-BF4B-00C04F79EFBC}") = "Cart.Contracts", "Cart.Contracts\Cart.Contracts.csproj", "{A1078AF5-6B27-40E9-A36D-9F2FE3948E46}"
EndProject
Project("{FAE04EC0-301F-11D3-BF4B-00C04F79EFBC}") = "Cart.Entities", "Cart.Entities\Cart.Entities.csproj", "{57A157E5-5A57-4785-8995-1CA6740F2CC9}"
EndProject
Project("{FAE04EC0-301F-11D3-BF4B-00C04F79EFBC}") = "Cart.Resources", "Cart.Resources\Cart.Resources.csproj", "{6CF2396C-ACA3-40A5-9316-5353C87C63A5}"
EndProject
Project("{9A19103F-16F7-4668-BE54-9A1E7A4F7556}") = "Cart.API", "Cart.API\Cart.API.csproj", "{C15EF3C4-D603-444B-B267-8B8008299E18}"
EndProject
Project("{9A19103F-16F7-4668-BE54-9A1E7A4F7556}") = "Cart.WEB", "Cart.WEB\Cart.WEB.csproj", "{7A60F320-143A-4864-A8C4-6E0074ABD8C9}"
EndProject
Global
	GlobalSection(SolutionConfigurationPlatforms) = preSolution
		Debug|Any CPU = Debug|Any CPU
		Release|Any CPU = Release|Any CPU
	EndGlobalSection
	GlobalSection(ProjectConfigurationPlatforms) = postSolution
		{9F29F8C8-5A28-4AD0-BA32-2B5BB5A52683}.Debug|Any CPU.ActiveCfg = Debug|Any CPU
		{9F29F8C8-5A28-4AD0-BA32-2B5BB5A52683}.Debug|Any CPU.Build.0 = Debug|Any CPU
		{9F29F8C8-5A28-4AD0-BA32-2B5BB5A52683}.Release|Any CPU.ActiveCfg = Release|Any CPU
		{9F29F8C8-5A28-4AD0-BA32-2B5BB5A52683}.Release|Any CPU.Build.0 = Release|Any CPU
		{4FD8EF00-E0CE-41F6-A26B-AFB5AD258C01}.Debug|Any CPU.ActiveCfg = Debug|Any CPU
		{4FD8EF00-E0CE-41F6-A26B-AFB5AD258C01}.Debug|Any CPU.Build.0 = Debug|Any CPU
		{4FD8EF00-E0CE-41F6-A26B-AFB5AD258C01}.Release|Any CPU.ActiveCfg = Release|Any CPU
		{4FD8EF00-E0CE-41F6-A26B-AFB5AD258C01}.Release|Any CPU.Build.0 = Release|Any CPU
		{6C69D477-9DB6-4290-A461-E6332065BB2F}.Debug|Any CPU.ActiveCfg = Debug|Any CPU
		{6C69D477-9DB6-4290-A461-E6332065BB2F}.Debug|Any CPU.Build.0 = Debug|Any CPU
		{6C69D477-9DB6-4290-A461-E6332065BB2F}.Debug|Any CPU.Deploy.0 = Debug|Any CPU
		{6C69D477-9DB6-4290-A461-E6332065BB2F}.Release|Any CPU.ActiveCfg = Release|Any CPU
		{6C69D477-9DB6-4290-A461-E6332065BB2F}.Release|Any CPU.Build.0 = Release|Any CPU
		{6C69D477-9DB6-4290-A461-E6332065BB2F}.Release|Any CPU.Deploy.0 = Release|Any CPU
		{10DFED60-1A91-4A86-9BE4-69A870AA7AB7}.Debug|Any CPU.ActiveCfg = Debug|Any CPU
		{10DFED60-1A91-4A86-9BE4-69A870AA7AB7}.Debug|Any CPU.Build.0 = Debug|Any CPU
		{10DFED60-1A91-4A86-9BE4-69A870AA7AB7}.Release|Any CPU.ActiveCfg = Release|Any CPU
		{10DFED60-1A91-4A86-9BE4-69A870AA7AB7}.Release|Any CPU.Build.0 = Release|Any CPU
		{A1078AF5-6B27-40E9-A36D-9F2FE3948E46}.Debug|Any CPU.ActiveCfg = Debug|Any CPU
		{A1078AF5-6B27-40E9-A36D-9F2FE3948E46}.Debug|Any CPU.Build.0 = Debug|Any CPU
		{A1078AF5-6B27-40E9-A36D-9F2FE3948E46}.Release|Any CPU.ActiveCfg = Release|Any CPU
		{A1078AF5-6B27-40E9-A36D-9F2FE3948E46}.Release|Any CPU.Build.0 = Release|Any CPU
		{57A157E5-5A57-4785-8995-1CA6740F2CC9}.Debug|Any CPU.ActiveCfg = Debug|Any CPU
		{57A157E5-5A57-4785-8995-1CA6740F2CC9}.Debug|Any CPU.Build.0 = Debug|Any CPU
		{57A157E5-5A57-4785-8995-1CA6740F2CC9}.Release|Any CPU.ActiveCfg = Release|Any CPU
		{57A157E5-5A57-4785-8995-1CA6740F2CC9}.Release|Any CPU.Build.0 = Release|Any CPU
		{6CF2396C-ACA3-40A5-9316-5353C87C63A5}.Debug|Any CPU.ActiveCfg = Debug|Any CPU
		{6CF2396C-ACA3-40A5-9316-5353C87C63A5}.Debug|Any CPU.Build.0 = Debug|Any CPU
		{6CF2396C-ACA3-40A5-9316-5353C87C63A5}.Release|Any CPU.ActiveCfg = Release|Any CPU
		{6CF2396C-ACA3-40A5-9316-5353C87C63A5}.Release|Any CPU.Build.0 = Release|Any CPU
		{C15EF3C4-D603-444B-B267-8B8008299E18}.Debug|Any CPU.ActiveCfg = Debug|Any CPU
		{C15EF3C4-D603-444B-B267-8B8008299E18}.Debug|Any CPU.Build.0 = Debug|Any CPU
		{C15EF3C4-D603-444B-B267-8B8008299E18}.Release|Any CPU.ActiveCfg = Release|Any CPU
		{C15EF3C4-D603-444B-B267-8B8008299E18}.Release|Any CPU.Build.0 = Release|Any CPU
		{7A60F320-143A-4864-A8C4-6E0074ABD8C9}.Debug|Any CPU.ActiveCfg = Debug|Any CPU
		{7A60F320-143A-4864-A8C4-6E0074ABD8C9}.Debug|Any CPU.Build.0 = Debug|Any CPU
		{7A60F320-143A-4864-A8C4-6E0074ABD8C9}.Release|Any CPU.ActiveCfg = Release|Any CPU
		{7A60F320-143A-4864-A8C4-6E0074ABD8C9}.Release|Any CPU.Build.0 = Release|Any CPU
	EndGlobalSection
	GlobalSection(SolutionProperties) = preSolution
		HideSolutionNode = FALSE
	EndGlobalSection
	GlobalSection(NestedProjects) = preSolution
		{9F29F8C8-5A28-4AD0-BA32-2B5BB5A52683} = {85E4A4BC-B329-4C41-827D-5F82FEDAE112}
		{4FD8EF00-E0CE-41F6-A26B-AFB5AD258C01} = {7CEF8CE0-4D7A-43B6-A981-37181E4048DA}
		{6C69D477-9DB6-4290-A461-E6332065BB2F} = {7CEF8CE0-4D7A-43B6-A981-37181E4048DA}
		{10DFED60-1A91-4A86-9BE4-69A870AA7AB7} = {FAACD025-C7F3-48E4-8252-9C270E674756}
		{A1078AF5-6B27-40E9-A36D-9F2FE3948E46} = {FAACD025-C7F3-48E4-8252-9C270E674756}
		{57A157E5-5A57-4785-8995-1CA6740F2CC9} = {FAACD025-C7F3-48E4-8252-9C270E674756}
		{6CF2396C-ACA3-40A5-9316-5353C87C63A5} = {FAACD025-C7F3-48E4-8252-9C270E674756}
		{C15EF3C4-D603-444B-B267-8B8008299E18} = {55A35FE9-B115-4F47-B5F9-3D815A58B145}
		{7A60F320-143A-4864-A8C4-6E0074ABD8C9} = {55A35FE9-B115-4F47-B5F9-3D815A58B145}
	EndGlobalSection
	GlobalSection(ExtensibilityGlobals) = postSolution
		SolutionGuid = {7FADB121-4370-4D9C-A100-CA25BF5C083A}
	EndGlobalSection
EndGlobal
